// !$*UTF8*$!
{
	archiveVersion = 1;
	classes = {
	};
	objectVersion = 45;
	objects = {

/* Begin PBXBuildFile section */
		8A53D8D7259AB41000E659AA /* AppDelegate.m in Sources */ = {isa = PBXBuildFile; fileRef = 8A53D8D6259AB41000E659AA /* AppDelegate.m */; };
		8A6AC9702594EFCC00762532 /* libPods-EasyEmote.a in Frameworks */ = {isa = PBXBuildFile; fileRef = 8A6AC96F2594EFCC00762532 /* libPods-EasyEmote.a */; };
		8A6AC97625951A2C00762532 /* Preferences.m in Sources */ = {isa = PBXBuildFile; fileRef = 8A6AC97525951A2C00762532 /* Preferences.m */; };
		8A6AC9E32595A5E600762532 /* YCMatrix.framework in Frameworks */ = {isa = PBXBuildFile; fileRef = 8A6AC9942595234700762532 /* YCMatrix.framework */; };
		8A6AC9E42595A5E600762532 /* YCMatrix.framework in CopyFiles */ = {isa = PBXBuildFile; fileRef = 8A6AC9942595234700762532 /* YCMatrix.framework */; settings = {ATTRIBUTES = (CodeSignOnCopy, RemoveHeadersOnCopy, ); }; };
		8A6AC9E52595A5E700762532 /* YCML.framework in Frameworks */ = {isa = PBXBuildFile; fileRef = 8A6AC9962595234B00762532 /* YCML.framework */; };
		8A6AC9E62595A5E700762532 /* YCML.framework in CopyFiles */ = {isa = PBXBuildFile; fileRef = 8A6AC9962595234B00762532 /* YCML.framework */; settings = {ATTRIBUTES = (CodeSignOnCopy, RemoveHeadersOnCopy, ); }; };
		8A6AC9E92596748A00762532 /* Record.m in Sources */ = {isa = PBXBuildFile; fileRef = 8A6AC9E82596732B00762532 /* Record.m */; };
		8A6ACA4525970E9600762532 /* Triplet.m in Sources */ = {isa = PBXBuildFile; fileRef = 8A6ACA4425970E9600762532 /* Triplet.m */; };
		8AB8BBC625915575008FA061 /* apple.tiff in Resources */ = {isa = PBXBuildFile; fileRef = 8AB8BBC525915575008FA061 /* apple.tiff */; };
		8AB8BBCB2591563B008FA061 /* EmoteInputController.m in Sources */ = {isa = PBXBuildFile; fileRef = 8AB8BBCA2591563B008FA061 /* EmoteInputController.m */; };
		8AF18D6F259196FE0071A8A7 /* emojiStore.txt in Resources */ = {isa = PBXBuildFile; fileRef = 8AF18D6E259196FE0071A8A7 /* emojiStore.txt */; };
		8AF18D772591990C0071A8A7 /* Trie.m in Sources */ = {isa = PBXBuildFile; fileRef = 8AF18D762591990C0071A8A7 /* Trie.m */; };
		8AF18D7B259199480071A8A7 /* TrieNode.m in Sources */ = {isa = PBXBuildFile; fileRef = 8AF18D7A259199480071A8A7 /* TrieNode.m */; };
		8AF18D8225926D280071A8A7 /* Pair.m in Sources */ = {isa = PBXBuildFile; fileRef = 8AF18D8125926D280071A8A7 /* Pair.m */; };
		8AF18D932593CF1A0071A8A7 /* CandidateWindow.m in Sources */ = {isa = PBXBuildFile; fileRef = 8AF18D922593CF1A0071A8A7 /* CandidateWindow.m */; };
		8D11072D0486CEB800E47090 /* main.m in Sources */ = {isa = PBXBuildFile; fileRef = 29B97316FDCFA39411CA2CEA /* main.m */; settings = {ATTRIBUTES = (); }; };
		8D11072F0486CEB800E47090 /* Cocoa.framework in Frameworks */ = {isa = PBXBuildFile; fileRef = 1058C7A1FEA54F0111CA2CBB /* Cocoa.framework */; };
		E93074B70A5C264700470842 /* InputMethodKit.framework in Frameworks */ = {isa = PBXBuildFile; fileRef = E93074B60A5C264700470842 /* InputMethodKit.framework */; };
/* End PBXBuildFile section */

/* Begin PBXCopyFilesBuildPhase section */
		8A6AC9CA2595A4FD00762532 /* CopyFiles */ = {
			isa = PBXCopyFilesBuildPhase;
			buildActionMask = 12;
			dstPath = "";
			dstSubfolderSpec = 10;
			files = (
				8A6AC9E42595A5E600762532 /* YCMatrix.framework in CopyFiles */,
				8A6AC9E62595A5E700762532 /* YCML.framework in CopyFiles */,
			);
			runOnlyForDeploymentPostprocessing = 0;
		};
/* End PBXCopyFilesBuildPhase section */

/* Begin PBXFileReference section */
		1058C7A1FEA54F0111CA2CBB /* Cocoa.framework */ = {isa = PBXFileReference; lastKnownFileType = wrapper.framework; name = Cocoa.framework; path = /System/Library/Frameworks/Cocoa.framework; sourceTree = "<absolute>"; };
		29B97316FDCFA39411CA2CEA /* main.m */ = {isa = PBXFileReference; fileEncoding = 4; lastKnownFileType = sourcecode.c.objc; path = main.m; sourceTree = "<group>"; };
		29B97324FDCFA39411CA2CEA /* AppKit.framework */ = {isa = PBXFileReference; lastKnownFileType = wrapper.framework; name = AppKit.framework; path = /System/Library/Frameworks/AppKit.framework; sourceTree = "<absolute>"; };
		29B97325FDCFA39411CA2CEA /* Foundation.framework */ = {isa = PBXFileReference; lastKnownFileType = wrapper.framework; name = Foundation.framework; path = /System/Library/Frameworks/Foundation.framework; sourceTree = "<absolute>"; };
		32CA4F630368D1EE00C91783 /* EasyEmote_Prefix.pch */ = {isa = PBXFileReference; fileEncoding = 4; lastKnownFileType = sourcecode.c.h; path = EasyEmote_Prefix.pch; sourceTree = "<group>"; };
		434A8A82F491A9E77BCE7921 /* libPods-EasyEmote.a */ = {isa = PBXFileReference; explicitFileType = archive.ar; includeInIndex = 0; path = "libPods-EasyEmote.a"; sourceTree = BUILT_PRODUCTS_DIR; };
		5E73A7EE0F25249BDE4B796A /* Pods-EasyEmote.release.xcconfig */ = {isa = PBXFileReference; includeInIndex = 1; lastKnownFileType = text.xcconfig; name = "Pods-EasyEmote.release.xcconfig"; path = "Target Support Files/Pods-EasyEmote/Pods-EasyEmote.release.xcconfig"; sourceTree = "<group>"; };
		8A43797A2594EB4500E5B04A /* libFMDB.a */ = {isa = PBXFileReference; explicitFileType = archive.ar; path = libFMDB.a; sourceTree = BUILT_PRODUCTS_DIR; };
		8A53D8D6259AB41000E659AA /* AppDelegate.m */ = {isa = PBXFileReference; lastKnownFileType = sourcecode.c.objc; path = AppDelegate.m; sourceTree = "<group>"; };
		8A53D8D8259AB42300E659AA /* AppDelegate.h */ = {isa = PBXFileReference; lastKnownFileType = sourcecode.c.h; path = AppDelegate.h; sourceTree = "<group>"; };
		8A6AC96F2594EFCC00762532 /* libPods-EasyEmote.a */ = {isa = PBXFileReference; explicitFileType = archive.ar; path = "libPods-EasyEmote.a"; sourceTree = BUILT_PRODUCTS_DIR; };
		8A6AC97525951A2C00762532 /* Preferences.m */ = {isa = PBXFileReference; lastKnownFileType = sourcecode.c.objc; path = Preferences.m; sourceTree = "<group>"; };
		8A6AC97825951A3800762532 /* Preferences.h */ = {isa = PBXFileReference; lastKnownFileType = sourcecode.c.h; path = Preferences.h; sourceTree = "<group>"; };
		8A6AC9942595234700762532 /* YCMatrix.framework */ = {isa = PBXFileReference; explicitFileType = wrapper.framework; path = YCMatrix.framework; sourceTree = BUILT_PRODUCTS_DIR; };
		8A6AC9962595234B00762532 /* YCML.framework */ = {isa = PBXFileReference; explicitFileType = wrapper.framework; path = YCML.framework; sourceTree = BUILT_PRODUCTS_DIR; };
		8A6AC9E72596731E00762532 /* Record.h */ = {isa = PBXFileReference; lastKnownFileType = sourcecode.c.h; path = Record.h; sourceTree = "<group>"; };
		8A6AC9E82596732B00762532 /* Record.m */ = {isa = PBXFileReference; lastKnownFileType = sourcecode.c.objc; path = Record.m; sourceTree = "<group>"; };
		8A6ACA4425970E9600762532 /* Triplet.m */ = {isa = PBXFileReference; lastKnownFileType = sourcecode.c.objc; path = Triplet.m; sourceTree = "<group>"; };
		8A6ACA4625970E9F00762532 /* Triplet.h */ = {isa = PBXFileReference; lastKnownFileType = sourcecode.c.h; path = Triplet.h; sourceTree = "<group>"; };
		8A6ACA6D25996EEE00762532 /* InfoPlist.strings */ = {isa = PBXFileReference; lastKnownFileType = text.plist.strings; path = InfoPlist.strings; sourceTree = "<group>"; };
		8A7DD3D4259AC8AD0071A4FB /* CandidateTableView.h */ = {isa = PBXFileReference; lastKnownFileType = sourcecode.c.h; path = CandidateTableView.h; sourceTree = "<group>"; };
		8A7DD3D5259AC8BE0071A4FB /* CandidateTableView.m */ = {isa = PBXFileReference; lastKnownFileType = sourcecode.c.objc; path = CandidateTableView.m; sourceTree = "<group>"; };
		8A7DD3D6259AC8C80071A4FB /* CandidateTableCell.m */ = {isa = PBXFileReference; lastKnownFileType = sourcecode.c.objc; path = CandidateTableCell.m; sourceTree = "<group>"; };
		8A7DD3D7259AC8D10071A4FB /* CandidateTableCell.h */ = {isa = PBXFileReference; lastKnownFileType = sourcecode.c.h; path = CandidateTableCell.h; sourceTree = "<group>"; };
		8AB8BBC525915575008FA061 /* apple.tiff */ = {isa = PBXFileReference; lastKnownFileType = image.tiff; path = apple.tiff; sourceTree = "<group>"; };
		8AB8BBC925915633008FA061 /* EmoteInputController.h */ = {isa = PBXFileReference; fileEncoding = 4; lastKnownFileType = sourcecode.c.h; path = EmoteInputController.h; sourceTree = "<group>"; };
		8AB8BBCA2591563B008FA061 /* EmoteInputController.m */ = {isa = PBXFileReference; fileEncoding = 4; lastKnownFileType = sourcecode.c.objc; path = EmoteInputController.m; sourceTree = "<group>"; };
		8AF18D6E259196FE0071A8A7 /* emojiStore.txt */ = {isa = PBXFileReference; fileEncoding = 4; lastKnownFileType = text; path = emojiStore.txt; sourceTree = "<group>"; };
		8AF18D75259199020071A8A7 /* Trie.h */ = {isa = PBXFileReference; lastKnownFileType = sourcecode.c.h; path = Trie.h; sourceTree = "<group>"; };
		8AF18D762591990C0071A8A7 /* Trie.m */ = {isa = PBXFileReference; lastKnownFileType = sourcecode.c.objc; path = Trie.m; sourceTree = "<group>"; };
		8AF18D7A259199480071A8A7 /* TrieNode.m */ = {isa = PBXFileReference; lastKnownFileType = sourcecode.c.objc; path = TrieNode.m; sourceTree = "<group>"; };
		8AF18D7D259199500071A8A7 /* TrieNode.h */ = {isa = PBXFileReference; lastKnownFileType = sourcecode.c.h; path = TrieNode.h; sourceTree = "<group>"; };
		8AF18D8025926D200071A8A7 /* Pair.h */ = {isa = PBXFileReference; lastKnownFileType = sourcecode.c.h; path = Pair.h; sourceTree = "<group>"; };
		8AF18D8125926D280071A8A7 /* Pair.m */ = {isa = PBXFileReference; lastKnownFileType = sourcecode.c.objc; path = Pair.m; sourceTree = "<group>"; };
		8AF18D912593CF0F0071A8A7 /* CandidateWindow.h */ = {isa = PBXFileReference; lastKnownFileType = sourcecode.c.h; path = CandidateWindow.h; sourceTree = "<group>"; };
		8AF18D922593CF1A0071A8A7 /* CandidateWindow.m */ = {isa = PBXFileReference; lastKnownFileType = sourcecode.c.objc; path = CandidateWindow.m; sourceTree = "<group>"; };
		8D1107310486CEB800E47090 /* Info.plist */ = {isa = PBXFileReference; fileEncoding = 4; lastKnownFileType = text.plist; path = Info.plist; sourceTree = "<group>"; };
		8D1107320486CEB800E47090 /* EasyEmote.app */ = {isa = PBXFileReference; explicitFileType = wrapper.application; includeInIndex = 0; path = EasyEmote.app; sourceTree = BUILT_PRODUCTS_DIR; };
		E93074B60A5C264700470842 /* InputMethodKit.framework */ = {isa = PBXFileReference; lastKnownFileType = wrapper.framework; name = InputMethodKit.framework; path = /System/Library/Frameworks/InputMethodKit.framework; sourceTree = "<absolute>"; };
		F14BC8401C7BC8BD109FBED8 /* Pods-EasyEmote.debug.xcconfig */ = {isa = PBXFileReference; includeInIndex = 1; lastKnownFileType = text.xcconfig; name = "Pods-EasyEmote.debug.xcconfig"; path = "Target Support Files/Pods-EasyEmote/Pods-EasyEmote.debug.xcconfig"; sourceTree = "<group>"; };
/* End PBXFileReference section */

/* Begin PBXFrameworksBuildPhase section */
		8D11072E0486CEB800E47090 /* Frameworks */ = {
			isa = PBXFrameworksBuildPhase;
			buildActionMask = 2147483647;
			files = (
				8A6AC9702594EFCC00762532 /* libPods-EasyEmote.a in Frameworks */,
				8A6AC9E32595A5E600762532 /* YCMatrix.framework in Frameworks */,
				8A6AC9E52595A5E700762532 /* YCML.framework in Frameworks */,
				8D11072F0486CEB800E47090 /* Cocoa.framework in Frameworks */,
				E93074B70A5C264700470842 /* InputMethodKit.framework in Frameworks */,
			);
			runOnlyForDeploymentPostprocessing = 0;
		};
/* End PBXFrameworksBuildPhase section */

/* Begin PBXGroup section */
		080E96DDFE201D6D7F000001 /* Controllers */ = {
			isa = PBXGroup;
			children = (
				8AB8BBCA2591563B008FA061 /* EmoteInputController.m */,
				8AB8BBC925915633008FA061 /* EmoteInputController.h */,
			);
			name = Controllers;
			sourceTree = "<group>";
		};
		1058C7A0FEA54F0111CA2CBB /* Linked Frameworks */ = {
			isa = PBXGroup;
			children = (
				1058C7A1FEA54F0111CA2CBB /* Cocoa.framework */,
			);
			name = "Linked Frameworks";
			sourceTree = "<group>";
		};
		1058C7A2FEA54F0111CA2CBB /* Other Frameworks */ = {
			isa = PBXGroup;
			children = (
				E93074B60A5C264700470842 /* InputMethodKit.framework */,
				29B97324FDCFA39411CA2CEA /* AppKit.framework */,
				29B97325FDCFA39411CA2CEA /* Foundation.framework */,
			);
			name = "Other Frameworks";
			sourceTree = "<group>";
		};
		19C28FACFE9D520D11CA2CBB /* Products */ = {
			isa = PBXGroup;
			children = (
				8D1107320486CEB800E47090 /* EasyEmote.app */,
			);
			name = Products;
			sourceTree = "<group>";
		};
		29B97314FDCFA39411CA2CEA /* NumberInput */ = {
			isa = PBXGroup;
			children = (
				8AF18D8F2593CED10071A8A7 /* Views */,
				8AF18D6D259196E90071A8A7 /* Models */,
				080E96DDFE201D6D7F000001 /* Controllers */,
				29B97315FDCFA39411CA2CEA /* Other Sources */,
				29B97317FDCFA39411CA2CEA /* Resources */,
				29B97323FDCFA39411CA2CEA /* Frameworks */,
				19C28FACFE9D520D11CA2CBB /* Products */,
				A1CC6B550E918EDA5D14D841 /* Pods */,
			);
			name = NumberInput;
			sourceTree = "<group>";
		};
		29B97315FDCFA39411CA2CEA /* Other Sources */ = {
			isa = PBXGroup;
			children = (
				32CA4F630368D1EE00C91783 /* EasyEmote_Prefix.pch */,
				29B97316FDCFA39411CA2CEA /* main.m */,
				8A53D8D6259AB41000E659AA /* AppDelegate.m */,
				8A53D8D8259AB42300E659AA /* AppDelegate.h */,
			);
			name = "Other Sources";
			sourceTree = "<group>";
		};
		29B97317FDCFA39411CA2CEA /* Resources */ = {
			isa = PBXGroup;
			children = (
				E93396E20A9A0AAD0073E6C4 /* images */,
				8D1107310486CEB800E47090 /* Info.plist */,
				8A6ACA6D25996EEE00762532 /* InfoPlist.strings */,
			);
			name = Resources;
			sourceTree = "<group>";
		};
		29B97323FDCFA39411CA2CEA /* Frameworks */ = {
			isa = PBXGroup;
			children = (
				8A6AC9962595234B00762532 /* YCML.framework */,
				8A6AC9942595234700762532 /* YCMatrix.framework */,
				8A6AC96F2594EFCC00762532 /* libPods-EasyEmote.a */,
				8A43797A2594EB4500E5B04A /* libFMDB.a */,
				1058C7A0FEA54F0111CA2CBB /* Linked Frameworks */,
				1058C7A2FEA54F0111CA2CBB /* Other Frameworks */,
				434A8A82F491A9E77BCE7921 /* libPods-EasyEmote.a */,
			);
			name = Frameworks;
			sourceTree = "<group>";
		};
		8AF18D6D259196E90071A8A7 /* Models */ = {
			isa = PBXGroup;
			children = (
				8AF18D6E259196FE0071A8A7 /* emojiStore.txt */,
				8AF18D8025926D200071A8A7 /* Pair.h */,
				8AF18D8125926D280071A8A7 /* Pair.m */,
				8A6ACA4425970E9600762532 /* Triplet.m */,
				8A6ACA4625970E9F00762532 /* Triplet.h */,
				8AF18D7A259199480071A8A7 /* TrieNode.m */,
				8AF18D7D259199500071A8A7 /* TrieNode.h */,
				8AF18D75259199020071A8A7 /* Trie.h */,
				8AF18D762591990C0071A8A7 /* Trie.m */,
				8A6AC9E72596731E00762532 /* Record.h */,
				8A6AC9E82596732B00762532 /* Record.m */,
				8A6AC97525951A2C00762532 /* Preferences.m */,
				8A6AC97825951A3800762532 /* Preferences.h */,
			);
			path = Models;
			sourceTree = "<group>";
		};
		8AF18D8F2593CED10071A8A7 /* Views */ = {
			isa = PBXGroup;
			children = (
				8AF18D912593CF0F0071A8A7 /* CandidateWindow.h */,
				8AF18D922593CF1A0071A8A7 /* CandidateWindow.m */,
				8A7DD3D4259AC8AD0071A4FB /* CandidateTableView.h */,
				8A7DD3D5259AC8BE0071A4FB /* CandidateTableView.m */,
				8A7DD3D6259AC8C80071A4FB /* CandidateTableCell.m */,
				8A7DD3D7259AC8D10071A4FB /* CandidateTableCell.h */,
			);
			name = Views;
			sourceTree = "<group>";
		};
		A1CC6B550E918EDA5D14D841 /* Pods */ = {
			isa = PBXGroup;
			children = (
				F14BC8401C7BC8BD109FBED8 /* Pods-EasyEmote.debug.xcconfig */,
				5E73A7EE0F25249BDE4B796A /* Pods-EasyEmote.release.xcconfig */,
			);
			path = Pods;
			sourceTree = "<group>";
		};
		E93396E20A9A0AAD0073E6C4 /* images */ = {
			isa = PBXGroup;
			children = (
				8AB8BBC525915575008FA061 /* apple.tiff */,
			);
			name = images;
			sourceTree = "<group>";
		};
/* End PBXGroup section */

/* Begin PBXNativeTarget section */
		8D1107260486CEB800E47090 /* EasyEmote */ = {
			isa = PBXNativeTarget;
			buildConfigurationList = C01FCF4A08A954540054247B /* Build configuration list for PBXNativeTarget "EasyEmote" */;
			buildPhases = (
				BEBBB9FF6F526804031501F6 /* [CP] Check Pods Manifest.lock */,
				8D1107290486CEB800E47090 /* Resources */,
				8D11072C0486CEB800E47090 /* Sources */,
				8D11072E0486CEB800E47090 /* Frameworks */,
				8A6AC9CA2595A4FD00762532 /* CopyFiles */,
			);
			buildRules = (
			);
			dependencies = (
			);
			name = EasyEmote;
			productInstallPath = "$(HOME)/Applications";
			productName = NumberInput;
			productReference = 8D1107320486CEB800E47090 /* EasyEmote.app */;
			productType = "com.apple.product-type.application";
		};
/* End PBXNativeTarget section */

/* Begin PBXProject section */
		29B97313FDCFA39411CA2CEA /* Project object */ = {
			isa = PBXProject;
			attributes = {
				LastUpgradeCheck = 1230;
				TargetAttributes = {
					8D1107260486CEB800E47090 = {
						LastSwiftMigration = 1230;
					};
				};
			};
			buildConfigurationList = C01FCF4E08A954540054247B /* Build configuration list for PBXProject "EasyEmote" */;
			compatibilityVersion = "Xcode 2.4";
			developmentRegion = en;
			hasScannedForEncodings = 1;
			knownRegions = (
				en,
				Base,
				English,
			);
			mainGroup = 29B97314FDCFA39411CA2CEA /* NumberInput */;
			productRefGroup = 19C28FACFE9D520D11CA2CBB /* Products */;
			projectDirPath = "";
			projectRoot = "";
			targets = (
				8D1107260486CEB800E47090 /* EasyEmote */,
			);
		};
/* End PBXProject section */

/* Begin PBXResourcesBuildPhase section */
		8D1107290486CEB800E47090 /* Resources */ = {
			isa = PBXResourcesBuildPhase;
			buildActionMask = 2147483647;
			files = (
				8AB8BBC625915575008FA061 /* apple.tiff in Resources */,
				8AF18D6F259196FE0071A8A7 /* emojiStore.txt in Resources */,
			);
			runOnlyForDeploymentPostprocessing = 0;
		};
/* End PBXResourcesBuildPhase section */

/* Begin PBXShellScriptBuildPhase section */
		BEBBB9FF6F526804031501F6 /* [CP] Check Pods Manifest.lock */ = {
			isa = PBXShellScriptBuildPhase;
			buildActionMask = 2147483647;
			files = (
			);
			inputFileListPaths = (
			);
			inputPaths = (
				"${PODS_PODFILE_DIR_PATH}/Podfile.lock",
				"${PODS_ROOT}/Manifest.lock",
			);
			name = "[CP] Check Pods Manifest.lock";
			outputFileListPaths = (
			);
			outputPaths = (
				"$(DERIVED_FILE_DIR)/Pods-EasyEmote-checkManifestLockResult.txt",
			);
			runOnlyForDeploymentPostprocessing = 0;
			shellPath = /bin/sh;
			shellScript = "diff \"${PODS_PODFILE_DIR_PATH}/Podfile.lock\" \"${PODS_ROOT}/Manifest.lock\" > /dev/null\nif [ $? != 0 ] ; then\n    # print error to STDERR\n    echo \"error: The sandbox is not in sync with the Podfile.lock. Run 'pod install' or update your CocoaPods installation.\" >&2\n    exit 1\nfi\n# This output is used by Xcode 'outputs' to avoid re-running this script phase.\necho \"SUCCESS\" > \"${SCRIPT_OUTPUT_FILE_0}\"\n";
			showEnvVarsInLog = 0;
		};
/* End PBXShellScriptBuildPhase section */

/* Begin PBXSourcesBuildPhase section */
		8D11072C0486CEB800E47090 /* Sources */ = {
			isa = PBXSourcesBuildPhase;
			buildActionMask = 2147483647;
			files = (
				8AF18D8225926D280071A8A7 /* Pair.m in Sources */,
				8AF18D7B259199480071A8A7 /* TrieNode.m in Sources */,
				8A6AC9E92596748A00762532 /* Record.m in Sources */,
				8AF18D772591990C0071A8A7 /* Trie.m in Sources */,
				8A6AC97625951A2C00762532 /* Preferences.m in Sources */,
				8A53D8D7259AB41000E659AA /* AppDelegate.m in Sources */,
				8D11072D0486CEB800E47090 /* main.m in Sources */,
				8A6ACA4525970E9600762532 /* Triplet.m in Sources */,
				8AB8BBCB2591563B008FA061 /* EmoteInputController.m in Sources */,
				8AF18D932593CF1A0071A8A7 /* CandidateWindow.m in Sources */,
			);
			runOnlyForDeploymentPostprocessing = 0;
		};
/* End PBXSourcesBuildPhase section */

/* Begin XCBuildConfiguration section */
		C01FCF4B08A954540054247B /* Debug */ = {
			isa = XCBuildConfiguration;
			baseConfigurationReference = F14BC8401C7BC8BD109FBED8 /* Pods-EasyEmote.debug.xcconfig */;
			buildSettings = {
				ARCHS = "$(ARCHS_STANDARD)";
				CLANG_ENABLE_MODULES = YES;
				CLANG_ENABLE_OBJC_WEAK = YES;
				CODE_SIGN_IDENTITY = "Apple Development";
				CODE_SIGN_STYLE = Automatic;
				COPY_PHASE_STRIP = NO;
				DEVELOPMENT_TEAM = N8Z8T3YH7D;
				ENABLE_HARDENED_RUNTIME = YES;
				FRAMEWORK_SEARCH_PATHS = "$(inherited)";
				GCC_DYNAMIC_NO_PIC = NO;
				GCC_MODEL_TUNING = G5;
				GCC_OPTIMIZATION_LEVEL = 0;
				HEADER_SEARCH_PATHS = (
					"$(inherited)",
					"\"${PODS_ROOT}/Headers/Public\"",
					"\"${PODS_ROOT}/Headers/Public/FMDB\"",
					"$(PROJECT_DIR)/YCML-0.5.0/**",
				);
				INFOPLIST_FILE = Info.plist;
				INSTALL_PATH = "\"$(LOCAL_LIBRARY_DIR)/Input Methods/\"";
				LD_RUNPATH_SEARCH_PATHS = "$(inherited) @executable_path/../Frameworks";
				LIBRARY_SEARCH_PATHS = (
					"$(inherited)",
					"\"${PODS_ROOT}/FMDB\"",
				);
				MACOSX_DEPLOYMENT_TARGET = 10.15;
				MARKETING_VERSION = 1;
				ONLY_ACTIVE_ARCH = YES;
				OTHER_LDFLAGS = (
					"$(inherited)",
					"-ObjC",
				);
				PRODUCT_BUNDLE_IDENTIFIER = com.apple.inputmethod.EasyEmote;
				PRODUCT_NAME = EasyEmote;
				PROVISIONING_PROFILE_SPECIFIER = "";
				SWIFT_OBJC_BRIDGING_HEADER = "Data/EasyEmote-Bridging-Header.h";
				SWIFT_OPTIMIZATION_LEVEL = "-Onone";
				SWIFT_VERSION = 5.0;
				SYMROOT = /Users/jackyhe/Desktop;
				WRAPPER_EXTENSION = app;
				ZERO_LINK = YES;
			};
			name = Debug;
		};
		C01FCF4C08A954540054247B /* Release */ = {
			isa = XCBuildConfiguration;
			baseConfigurationReference = 5E73A7EE0F25249BDE4B796A /* Pods-EasyEmote.release.xcconfig */;
			buildSettings = {
				ARCHS = "$(ARCHS_STANDARD)";
				CLANG_ENABLE_MODULES = YES;
				CLANG_ENABLE_OBJC_WEAK = YES;
				CODE_SIGN_IDENTITY = "Apple Development";
				CODE_SIGN_STYLE = Automatic;
				DEVELOPMENT_TEAM = N8Z8T3YH7D;
				ENABLE_HARDENED_RUNTIME = YES;
				FRAMEWORK_SEARCH_PATHS = "$(inherited)";
				GCC_GENERATE_DEBUGGING_SYMBOLS = NO;
				GCC_MODEL_TUNING = G5;
				HEADER_SEARCH_PATHS = (
					"$(inherited)",
					"\"${PODS_ROOT}/Headers/Public\"",
					"\"${PODS_ROOT}/Headers/Public/FMDB\"",
					"$(PROJECT_DIR)/YCML-0.5.0/**",
				);
				INFOPLIST_FILE = Info.plist;
				INSTALL_PATH = "$(HOME)/Applications";
				LD_RUNPATH_SEARCH_PATHS = "$(inherited) @executable_path/../Frameworks";
				LIBRARY_SEARCH_PATHS = (
					"$(inherited)",
					"\"${PODS_ROOT}/FMDB\"",
				);
				MACOSX_DEPLOYMENT_TARGET = 10.15;
				MARKETING_VERSION = 1;
				ONLY_ACTIVE_ARCH = NO;
				OTHER_LDFLAGS = (
					"$(inherited)",
					"-ObjC",
				);
				PRODUCT_BUNDLE_IDENTIFIER = com.apple.inputmethod.EasyEmote;
				PRODUCT_NAME = EasyEmote;
				PROVISIONING_PROFILE_SPECIFIER = "";
				SWIFT_OBJC_BRIDGING_HEADER = "Data/EasyEmote-Bridging-Header.h";
				SWIFT_VERSION = 5.0;
				SYMROOT = /Users/jackyhe/Desktop;
				WRAPPER_EXTENSION = app;
			};
			name = Release;
		};
		C01FCF4F08A954540054247B /* Debug */ = {
			isa = XCBuildConfiguration;
			buildSettings = {
				CLANG_ANALYZER_LOCALIZABILITY_NONLOCALIZED = YES;
				CLANG_WARN_BLOCK_CAPTURE_AUTORELEASING = YES;
				CLANG_WARN_BOOL_CONVERSION = YES;
				CLANG_WARN_COMMA = YES;
				CLANG_WARN_CONSTANT_CONVERSION = YES;
				CLANG_WARN_DEPRECATED_OBJC_IMPLEMENTATIONS = YES;
				CLANG_WARN_EMPTY_BODY = YES;
				CLANG_WARN_ENUM_CONVERSION = YES;
				CLANG_WARN_INFINITE_RECURSION = YES;
				CLANG_WARN_INT_CONVERSION = YES;
				CLANG_WARN_NON_LITERAL_NULL_CONVERSION = YES;
				CLANG_WARN_OBJC_IMPLICIT_RETAIN_SELF = YES;
				CLANG_WARN_OBJC_LITERAL_CONVERSION = YES;
				CLANG_WARN_QUOTED_INCLUDE_IN_FRAMEWORK_HEADER = YES;
				CLANG_WARN_RANGE_LOOP_ANALYSIS = YES;
				CLANG_WARN_STRICT_PROTOTYPES = YES;
				CLANG_WARN_SUSPICIOUS_MOVE = YES;
				CLANG_WARN_UNREACHABLE_CODE = YES;
				CLANG_WARN__DUPLICATE_METHOD_MATCH = YES;
				ENABLE_STRICT_OBJC_MSGSEND = YES;
				ENABLE_TESTABILITY = YES;
				GCC_NO_COMMON_BLOCKS = YES;
				GCC_WARN_64_TO_32_BIT_CONVERSION = YES;
				GCC_WARN_ABOUT_RETURN_TYPE = YES;
				GCC_WARN_UNDECLARED_SELECTOR = YES;
				GCC_WARN_UNINITIALIZED_AUTOS = YES;
				GCC_WARN_UNUSED_FUNCTION = YES;
				GCC_WARN_UNUSED_VARIABLE = YES;
				ONLY_ACTIVE_ARCH = YES;
			};
			name = Debug;
		};
		C01FCF5008A954540054247B /* Release */ = {
			isa = XCBuildConfiguration;
			buildSettings = {
				CLANG_ANALYZER_LOCALIZABILITY_NONLOCALIZED = YES;
				CLANG_WARN_BLOCK_CAPTURE_AUTORELEASING = YES;
				CLANG_WARN_BOOL_CONVERSION = YES;
				CLANG_WARN_COMMA = YES;
				CLANG_WARN_CONSTANT_CONVERSION = YES;
				CLANG_WARN_DEPRECATED_OBJC_IMPLEMENTATIONS = YES;
				CLANG_WARN_EMPTY_BODY = YES;
				CLANG_WARN_ENUM_CONVERSION = YES;
				CLANG_WARN_INFINITE_RECURSION = YES;
				CLANG_WARN_INT_CONVERSION = YES;
				CLANG_WARN_NON_LITERAL_NULL_CONVERSION = YES;
				CLANG_WARN_OBJC_IMPLICIT_RETAIN_SELF = YES;
				CLANG_WARN_OBJC_LITERAL_CONVERSION = YES;
				CLANG_WARN_QUOTED_INCLUDE_IN_FRAMEWORK_HEADER = YES;
				CLANG_WARN_RANGE_LOOP_ANALYSIS = YES;
				CLANG_WARN_STRICT_PROTOTYPES = YES;
				CLANG_WARN_SUSPICIOUS_MOVE = YES;
				CLANG_WARN_UNREACHABLE_CODE = YES;
				CLANG_WARN__DUPLICATE_METHOD_MATCH = YES;
				ENABLE_STRICT_OBJC_MSGSEND = YES;
				GCC_NO_COMMON_BLOCKS = YES;
				GCC_WARN_64_TO_32_BIT_CONVERSION = YES;
				GCC_WARN_ABOUT_RETURN_TYPE = YES;
				GCC_WARN_UNDECLARED_SELECTOR = YES;
				GCC_WARN_UNINITIALIZED_AUTOS = YES;
				GCC_WARN_UNUSED_FUNCTION = YES;
				GCC_WARN_UNUSED_VARIABLE = YES;
			};
			name = Release;
		};
/* End XCBuildConfiguration section */

/* Begin XCConfigurationList section */
		C01FCF4A08A954540054247B /* Build configuration list for PBXNativeTarget "EasyEmote" */ = {
			isa = XCConfigurationList;
			buildConfigurations = (
				C01FCF4B08A954540054247B /* Debug */,
				C01FCF4C08A954540054247B /* Release */,
			);
			defaultConfigurationIsVisible = 0;
			defaultConfigurationName = Release;
		};
		C01FCF4E08A954540054247B /* Build configuration list for PBXProject "EasyEmote" */ = {
			isa = XCConfigurationList;
			buildConfigurations = (
				C01FCF4F08A954540054247B /* Debug */,
				C01FCF5008A954540054247B /* Release */,
			);
			defaultConfigurationIsVisible = 0;
			defaultConfigurationName = Release;
		};
/* End XCConfigurationList section */
	};
	rootObject = 29B97313FDCFA39411CA2CEA /* Project object */;
}
